%{
  "bunt": {:hex, :bunt, "0.2.0", "951c6e801e8b1d2cbe58ebbd3e616a869061ddadcc4863d0a2182541acae9a38", [:mix], [], "hexpm", "7af5c7e09fe1d40f76c8e4f9dd2be7cebd83909f31fee7cd0e9eadc567da8353"},
  "bypass": {:hex, :bypass, "2.1.0", "909782781bf8e20ee86a9cabde36b259d44af8b9f38756173e8f5e2e1fabb9b1", [:mix], [{:plug, "~> 1.7", [hex: :plug, repo: "hexpm", optional: false]}, {:plug_cowboy, "~> 2.0", [hex: :plug_cowboy, repo: "hexpm", optional: false]}, {:ranch, "~> 1.3", [hex: :ranch, repo: "hexpm", optional: false]}], "hexpm", "d9b5df8fa5b7a6efa08384e9bbecfe4ce61c77d28a4282f79e02f1ef78d96b80"},
  "castore": {:hex, :castore, "0.1.17", "ba672681de4e51ed8ec1f74ed624d104c0db72742ea1a5e74edbc770c815182f", [:mix], [], "hexpm", "d9844227ed52d26e7519224525cb6868650c272d4a3d327ce3ca5570c12163f9"},
  "cowboy": {:hex, :cowboy, "2.8.0", "f3dc62e35797ecd9ac1b50db74611193c29815401e53bac9a5c0577bd7bc667d", [:rebar3], [{:cowlib, "~> 2.9.1", [hex: :cowlib, repo: "hexpm", optional: false]}, {:ranch, "~> 1.7.1", [hex: :ranch, repo: "hexpm", optional: false]}], "hexpm", "4643e4fba74ac96d4d152c75803de6fad0b3fa5df354c71afdd6cbeeb15fac8a"},
  "cowboy_telemetry": {:hex, :cowboy_telemetry, "0.3.1", "ebd1a1d7aff97f27c66654e78ece187abdc646992714164380d8a041eda16754", [:rebar3], [{:cowboy, "~> 2.7", [hex: :cowboy, repo: "hexpm", optional: false]}, {:telemetry, "~> 0.4", [hex: :telemetry, repo: "hexpm", optional: false]}], "hexpm", "3a6efd3366130eab84ca372cbd4a7d3c3a97bdfcfb4911233b035d117063f0af"},
  "cowlib": {:hex, :cowlib, "2.9.1", "61a6c7c50cf07fdd24b2f45b89500bb93b6686579b069a89f88cb211e1125c78", [:rebar3], [], "hexpm", "e4175dc240a70d996156160891e1c62238ede1729e45740bdd38064dad476170"},
  "credo": {:hex, :credo, "1.6.1", "7dc76dcdb764a4316c1596804c48eada9fff44bd4b733a91ccbf0c0f368be61e", [:mix], [{:bunt, "~> 0.2.0", [hex: :bunt, repo: "hexpm", optional: false]}, {:file_system, "~> 0.2.8", [hex: :file_system, repo: "hexpm", optional: false]}, {:jason, "~> 1.0", [hex: :jason, repo: "hexpm", optional: false]}], "hexpm", "698607fb5993720c7e93d2d8e76f2175bba024de964e160e2f7151ef3ab82ac5"},
  "dialyxir": {:hex, :dialyxir, "0.5.1", "b331b091720fd93e878137add264bac4f644e1ddae07a70bf7062c7862c4b952", [:mix], [], "hexpm", "6c32a70ed5d452c6650916555b1f96c79af5fc4bf286997f8b15f213de786f73"},
  "earmark_parser": {:hex, :earmark_parser, "1.4.25", "2024618731c55ebfcc5439d756852ec4e85978a39d0d58593763924d9a15916f", [:mix], [], "hexpm", "56749c5e1c59447f7b7a23ddb235e4b3defe276afc220a6227237f3efe83f51e"},
  "ex_doc": {:hex, :ex_doc, "0.28.4", "001a0ea6beac2f810f1abc3dbf4b123e9593eaa5f00dd13ded024eae7c523298", [:mix], [{:earmark_parser, "~> 1.4.19", [hex: :earmark_parser, repo: "hexpm", optional: false]}, {:makeup_elixir, "~> 0.14", [hex: :makeup_elixir, repo: "hexpm", optional: false]}, {:makeup_erlang, "~> 0.1", [hex: :makeup_erlang, repo: "hexpm", optional: false]}], "hexpm", "bf85d003dd34911d89c8ddb8bda1a958af3471a274a4c2150a9c01c78ac3f8ed"},
  "file_system": {:hex, :file_system, "0.2.10", "fb082005a9cd1711c05b5248710f8826b02d7d1784e7c3451f9c1231d4fc162d", [:mix], [], "hexpm", "41195edbfb562a593726eda3b3e8b103a309b733ad25f3d642ba49696bf715dc"},
  "finch": {:hex, :finch, "0.12.0", "6bbb3e0bb62dd91cd1217d9682a30f5bfc9b0b74950bf10a0b4d4399c2076892", [:mix], [{:castore, "~> 0.1", [hex: :castore, repo: "hexpm", optional: false]}, {:mime, "~> 1.0 or ~> 2.0", [hex: :mime, repo: "hexpm", optional: false]}, {:mint, "~> 1.3", [hex: :mint, repo: "hexpm", optional: false]}, {:nimble_options, "~> 0.4.0", [hex: :nimble_options, repo: "hexpm", optional: false]}, {:nimble_pool, "~> 0.2.6", [hex: :nimble_pool, repo: "hexpm", optional: false]}, {:telemetry, "~> 0.4 or ~> 1.0", [hex: :telemetry, repo: "hexpm", optional: false]}], "hexpm", "320da3f32459e7dcb77f4271b4f2445ba6c5d32cc3c7cca8e2cff599e24be5a6"},
  "hpax": {:hex, :hpax, "0.1.1", "2396c313683ada39e98c20a75a82911592b47e5c24391363343bde74f82396ca", [:mix], [], "hexpm", "0ae7d5a0b04a8a60caf7a39fcf3ec476f35cc2cc16c05abea730d3ce6ac6c826"},
  "jason": {:hex, :jason, "1.3.0", "fa6b82a934feb176263ad2df0dbd91bf633d4a46ebfdffea0c8ae82953714946", [:mix], [{:decimal, "~> 1.0 or ~> 2.0", [hex: :decimal, repo: "hexpm", optional: true]}], "hexpm", "53fc1f51255390e0ec7e50f9cb41e751c260d065dcba2bf0d08dc51a4002c2ac"},
  "jose": {:hex, :jose, "1.11.1", "59da64010c69aad6cde2f5b9248b896b84472e99bd18f246085b7b9fe435dcdb", [:mix, :rebar3], [], "hexpm", "078f6c9fb3cd2f4cfafc972c814261a7d1e8d2b3685c0a76eb87e158efff1ac5"},
  "makeup": {:hex, :makeup, "1.1.0", "6b67c8bc2882a6b6a445859952a602afc1a41c2e08379ca057c0f525366fc3ca", [:mix], [{:nimble_parsec, "~> 1.2.2 or ~> 1.3", [hex: :nimble_parsec, repo: "hexpm", optional: false]}], "hexpm", "0a45ed501f4a8897f580eabf99a2e5234ea3e75a4373c8a52824f6e873be57a6"},
  "makeup_elixir": {:hex, :makeup_elixir, "0.16.0", "f8c570a0d33f8039513fbccaf7108c5d750f47d8defd44088371191b76492b0b", [:mix], [{:makeup, "~> 1.0", [hex: :makeup, repo: "hexpm", optional: false]}, {:nimble_parsec, "~> 1.2.3", [hex: :nimble_parsec, repo: "hexpm", optional: false]}], "hexpm", "28b2cbdc13960a46ae9a8858c4bebdec3c9a6d7b4b9e7f4ed1502f8159f338e7"},
  "makeup_erlang": {:hex, :makeup_erlang, "0.1.1", "3fcb7f09eb9d98dc4d208f49cc955a34218fc41ff6b84df7c75b3e6e533cc65f", [:mix], [{:makeup, "~> 1.0", [hex: :makeup, repo: "hexpm", optional: false]}], "hexpm", "174d0809e98a4ef0b3309256cbf97101c6ec01c4ab0b23e926a9e17df2077cbb"},
  "mime": {:hex, :mime, "1.5.0", "203ef35ef3389aae6d361918bf3f952fa17a09e8e43b5aa592b93eba05d0fb8d", [:mix], [], "hexpm", "55a94c0f552249fc1a3dd9cd2d3ab9de9d3c89b559c2bd01121f824834f24746"},
  "mint": {:hex, :mint, "1.4.1", "49b3b6ea35a9a38836d2ad745251b01ca9ec062f7cb66f546bf22e6699137126", [:mix], [{:castore, "~> 0.1.0", [hex: :castore, repo: "hexpm", optional: true]}, {:hpax, "~> 0.1.1", [hex: :hpax, repo: "hexpm", optional: false]}], "hexpm", "cd261766e61011a9079cccf8fa9d826e7a397c24fbedf0e11b49312bea629b58"},
  "mix_test_watch": {:hex, :mix_test_watch, "0.9.0", "c72132a6071261893518fa08e121e911c9358713f62794a90c95db59042af375", [:mix], [{:file_system, "~> 0.2.1 or ~> 0.3", [hex: :file_system, repo: "hexpm", optional: false]}], "hexpm", "817dec4a7f6edf260258002f99ac8ffaf7a8f395b27bf2d13ec24018beecec8a"},
  "nimble_options": {:hex, :nimble_options, "0.4.0", "c89babbab52221a24b8d1ff9e7d838be70f0d871be823165c94dd3418eea728f", [:mix], [], "hexpm", "e6701c1af326a11eea9634a3b1c62b475339ace9456c1a23ec3bc9a847bca02d"},
  "nimble_parsec": {:hex, :nimble_parsec, "1.2.3", "244836e6e3f1200c7f30cb56733fd808744eca61fd182f731eac4af635cc6d0b", [:mix], [], "hexpm", "c8d789e39b9131acf7b99291e93dae60ab48ef14a7ee9d58c6964f59efb570b0"},
  "nimble_pool": {:hex, :nimble_pool, "0.2.6", "91f2f4c357da4c4a0a548286c84a3a28004f68f05609b4534526871a22053cde", [:mix], [], "hexpm", "1c715055095d3f2705c4e236c18b618420a35490da94149ff8b580a2144f653f"},
  "plug": {:hex, :plug, "1.11.0", "f17217525597628298998bc3baed9f8ea1fa3f1160aa9871aee6df47a6e4d38e", [:mix], [{:mime, "~> 1.0", [hex: :mime, repo: "hexpm", optional: false]}, {:plug_crypto, "~> 1.1.1 or ~> 1.2", [hex: :plug_crypto, repo: "hexpm", optional: false]}, {:telemetry, "~> 0.4", [hex: :telemetry, repo: "hexpm", optional: false]}], "hexpm", "2d9c633f0499f9dc5c2fd069161af4e2e7756890b81adcbb2ceaa074e8308876"},
  "plug_cowboy": {:hex, :plug_cowboy, "2.4.1", "779ba386c0915027f22e14a48919a9545714f849505fa15af2631a0d298abf0f", [:mix], [{:cowboy, "~> 2.7", [hex: :cowboy, repo: "hexpm", optional: false]}, {:cowboy_telemetry, "~> 0.3", [hex: :cowboy_telemetry, repo: "hexpm", optional: false]}, {:plug, "~> 1.7", [hex: :plug, repo: "hexpm", optional: false]}, {:telemetry, "~> 0.4", [hex: :telemetry, repo: "hexpm", optional: false]}], "hexpm", "d72113b6dff7b37a7d9b2a5b68892808e3a9a752f2bf7e503240945385b70507"},
  "plug_crypto": {:hex, :plug_crypto, "1.2.1", "5c854427528bf61d159855cedddffc0625e2228b5f30eff76d5a4de42d896ef4", [:mix], [], "hexpm", "6961c0e17febd9d0bfa89632d391d2545d2e0eb73768f5f50305a23961d8782c"},
  "ranch": {:hex, :ranch, "1.7.1", "6b1fab51b49196860b733a49c07604465a47bdb78aa10c1c16a3d199f7f8c881", [:rebar3], [], "hexpm", "451d8527787df716d99dc36162fca05934915db0b6141bbdac2ea8d3c7afc7d7"},
  "telemetry": {:hex, :telemetry, "0.4.2", "2808c992455e08d6177322f14d3bdb6b625fbcfd233a73505870d8738a2f4599", [:rebar3], [], "hexpm", "2d1419bd9dda6a206d7b5852179511722e2b18812310d304620c7bd92a13fcef"},
}
